// !$*UTF8*$!
{
	archiveVersion = 1;
	classes = {
	};
	objectVersion = 46;
	objects = {

/* Begin PBXBuildFile section */
		85F1B9221DD1B176004DF039 /* main.m in Sources */ = {isa = PBXBuildFile; fileRef = 85F1B9211DD1B176004DF039 /* main.m */; };
		85F1B9251DD1B176004DF039 /* AppDelegate.m in Sources */ = {isa = PBXBuildFile; fileRef = 85F1B9241DD1B176004DF039 /* AppDelegate.m */; };
		85F1B9281DD1B176004DF039 /* ViewController.m in Sources */ = {isa = PBXBuildFile; fileRef = 85F1B9271DD1B176004DF039 /* ViewController.m */; };
		85F1B92B1DD1B176004DF039 /* Main.storyboard in Resources */ = {isa = PBXBuildFile; fileRef = 85F1B9291DD1B176004DF039 /* Main.storyboard */; };
		85F1B92D1DD1B176004DF039 /* Assets.xcassets in Resources */ = {isa = PBXBuildFile; fileRef = 85F1B92C1DD1B176004DF039 /* Assets.xcassets */; };
		85F1B9301DD1B176004DF039 /* LaunchScreen.storyboard in Resources */ = {isa = PBXBuildFile; fileRef = 85F1B92E1DD1B176004DF039 /* LaunchScreen.storyboard */; };
		85F1B93B1DD1B176004DF039 /* testTests.m in Sources */ = {isa = PBXBuildFile; fileRef = 85F1B93A1DD1B176004DF039 /* testTests.m */; };
		85F1B9461DD1B176004DF039 /* testUITests.m in Sources */ = {isa = PBXBuildFile; fileRef = 85F1B9451DD1B176004DF039 /* testUITests.m */; };
		85F1B9561DD1B1AC004DF039 /* Utils.m in Sources */ = {isa = PBXBuildFile; fileRef = 85F1B9551DD1B1AC004DF039 /* Utils.m */; };
/* End PBXBuildFile section */

/* Begin PBXContainerItemProxy section */
		85F1B9371DD1B176004DF039 /* PBXContainerItemProxy */ = {
			isa = PBXContainerItemProxy;
			containerPortal = 85F1B9151DD1B176004DF039 /* Project object */;
			proxyType = 1;
			remoteGlobalIDString = 85F1B91C1DD1B176004DF039;
			remoteInfo = test;
		};
		85F1B9421DD1B176004DF039 /* PBXContainerItemProxy */ = {
			isa = PBXContainerItemProxy;
			containerPortal = 85F1B9151DD1B176004DF039 /* Project object */;
			proxyType = 1;
			remoteGlobalIDString = 85F1B91C1DD1B176004DF039;
			remoteInfo = test;
		};
/* End PBXContainerItemProxy section */

/* Begin PBXFileReference section */
		85F1B91D1DD1B176004DF039 /* test.app */ = {isa = PBXFileReference; explicitFileType = wrapper.application; includeInIndex = 0; path = test.app; sourceTree = BUILT_PRODUCTS_DIR; };
		85F1B9211DD1B176004DF039 /* main.m */ = {isa = PBXFileReference; lastKnownFileType = sourcecode.c.objc; path = main.m; sourceTree = "<group>"; };
		85F1B9231DD1B176004DF039 /* AppDelegate.h */ = {isa = PBXFileReference; lastKnownFileType = sourcecode.c.h; path = AppDelegate.h; sourceTree = "<group>"; };
		85F1B9241DD1B176004DF039 /* AppDelegate.m */ = {isa = PBXFileReference; lastKnownFileType = sourcecode.c.objc; path = AppDelegate.m; sourceTree = "<group>"; };
		85F1B9261DD1B176004DF039 /* ViewController.h */ = {isa = PBXFileReference; lastKnownFileType = sourcecode.c.h; path = ViewController.h; sourceTree = "<group>"; };
		85F1B9271DD1B176004DF039 /* ViewController.m */ = {isa = PBXFileReference; lastKnownFileType = sourcecode.c.objc; path = ViewController.m; sourceTree = "<group>"; };
		85F1B92A1DD1B176004DF039 /* Base */ = {isa = PBXFileReference; lastKnownFileType = file.storyboard; name = Base; path = Base.lproj/Main.storyboard; sourceTree = "<group>"; };
		85F1B92C1DD1B176004DF039 /* Assets.xcassets */ = {isa = PBXFileReference; lastKnownFileType = folder.assetcatalog; path = Assets.xcassets; sourceTree = "<group>"; };
		85F1B92F1DD1B176004DF039 /* Base */ = {isa = PBXFileReference; lastKnownFileType = file.storyboard; name = Base; path = Base.lproj/LaunchScreen.storyboard; sourceTree = "<group>"; };
		85F1B9311DD1B176004DF039 /* Info.plist */ = {isa = PBXFileReference; lastKnownFileType = text.plist.xml; path = Info.plist; sourceTree = "<group>"; };
		85F1B9361DD1B176004DF039 /* testTests.xctest */ = {isa = PBXFileReference; explicitFileType = wrapper.cfbundle; includeInIndex = 0; path = testTests.xctest; sourceTree = BUILT_PRODUCTS_DIR; };
		85F1B93A1DD1B176004DF039 /* testTests.m */ = {isa = PBXFileReference; lastKnownFileType = sourcecode.c.objc; path = testTests.m; sourceTree = "<group>"; };
		85F1B93C1DD1B176004DF039 /* Info.plist */ = {isa = PBXFileReference; lastKnownFileType = text.plist.xml; path = Info.plist; sourceTree = "<group>"; };
		85F1B9411DD1B176004DF039 /* testUITests.xctest */ = {isa = PBXFileReference; explicitFileType = wrapper.cfbundle; includeInIndex = 0; path = testUITests.xctest; sourceTree = BUILT_PRODUCTS_DIR; };
		85F1B9451DD1B176004DF039 /* testUITests.m */ = {isa = PBXFileReference; lastKnownFileType = sourcecode.c.objc; path = testUITests.m; sourceTree = "<group>"; };
		85F1B9471DD1B176004DF039 /* Info.plist */ = {isa = PBXFileReference; lastKnownFileType = text.plist.xml; path = Info.plist; sourceTree = "<group>"; };
		85F1B9541DD1B1AC004DF039 /* Utils.h */ = {isa = PBXFileReference; fileEncoding = 4; lastKnownFileType = sourcecode.c.h; path = Utils.h; sourceTree = "<group>"; };
		85F1B9551DD1B1AC004DF039 /* Utils.m */ = {isa = PBXFileReference; fileEncoding = 4; lastKnownFileType = sourcecode.c.objc; path = Utils.m; sourceTree = "<group>"; };
/* End PBXFileReference section */

/* Begin PBXFrameworksBuildPhase section */
		85F1B91A1DD1B176004DF039 /* Frameworks */ = {
			isa = PBXFrameworksBuildPhase;
			buildActionMask = 2147483647;
			files = (
			);
			runOnlyForDeploymentPostprocessing = 0;
		};
		85F1B9331DD1B176004DF039 /* Frameworks */ = {
			isa = PBXFrameworksBuildPhase;
			buildActionMask = 2147483647;
			files = (
			);
			runOnlyForDeploymentPostprocessing = 0;
		};
		85F1B93E1DD1B176004DF039 /* Frameworks */ = {
			isa = PBXFrameworksBuildPhase;
			buildActionMask = 2147483647;
			files = (
			);
			runOnlyForDeploymentPostprocessing = 0;
		};
/* End PBXFrameworksBuildPhase section */

/* Begin PBXGroup section */
		85F1B9141DD1B176004DF039 = {
			isa = PBXGroup;
			children = (
				85F1B91F1DD1B176004DF039 /* test */,
				85F1B9391DD1B176004DF039 /* testTests */,
				85F1B9441DD1B176004DF039 /* testUITests */,
				85F1B91E1DD1B176004DF039 /* Products */,
			);
			sourceTree = "<group>";
		};
		85F1B91E1DD1B176004DF039 /* Products */ = {
			isa = PBXGroup;
			children = (
				85F1B91D1DD1B176004DF039 /* test.app */,
				85F1B9361DD1B176004DF039 /* testTests.xctest */,
				85F1B9411DD1B176004DF039 /* testUITests.xctest */,
			);
			name = Products;
			sourceTree = "<group>";
		};
		85F1B91F1DD1B176004DF039 /* test */ = {
			isa = PBXGroup;
			children = (
				85F1B9531DD1B186004DF039 /* Utils */,
				85F1B9231DD1B176004DF039 /* AppDelegate.h */,
				85F1B9241DD1B176004DF039 /* AppDelegate.m */,
				85F1B9261DD1B176004DF039 /* ViewController.h */,
				85F1B9271DD1B176004DF039 /* ViewController.m */,
				85F1B9291DD1B176004DF039 /* Main.storyboard */,
				85F1B92C1DD1B176004DF039 /* Assets.xcassets */,
				85F1B92E1DD1B176004DF039 /* LaunchScreen.storyboard */,
				85F1B9311DD1B176004DF039 /* Info.plist */,
				85F1B9201DD1B176004DF039 /* Supporting Files */,
			);
			path = test;
			sourceTree = "<group>";
		};
		85F1B9201DD1B176004DF039 /* Supporting Files */ = {
			isa = PBXGroup;
			children = (
				85F1B9211DD1B176004DF039 /* main.m */,
			);
			name = "Supporting Files";
			sourceTree = "<group>";
		};
		85F1B9391DD1B176004DF039 /* testTests */ = {
			isa = PBXGroup;
			children = (
				85F1B93A1DD1B176004DF039 /* testTests.m */,
				85F1B93C1DD1B176004DF039 /* Info.plist */,
			);
			path = testTests;
			sourceTree = "<group>";
		};
		85F1B9441DD1B176004DF039 /* testUITests */ = {
			isa = PBXGroup;
			children = (
				85F1B9451DD1B176004DF039 /* testUITests.m */,
				85F1B9471DD1B176004DF039 /* Info.plist */,
			);
			path = testUITests;
			sourceTree = "<group>";
		};
		85F1B9531DD1B186004DF039 /* Utils */ = {
			isa = PBXGroup;
			children = (
				85F1B9541DD1B1AC004DF039 /* Utils.h */,
				85F1B9551DD1B1AC004DF039 /* Utils.m */,
			);
			path = Utils;
			sourceTree = "<group>";
		};
/* End PBXGroup section */

/* Begin PBXNativeTarget section */
		85F1B91C1DD1B176004DF039 /* test */ = {
			isa = PBXNativeTarget;
			buildConfigurationList = 85F1B94A1DD1B176004DF039 /* Build configuration list for PBXNativeTarget "test" */;
			buildPhases = (
				85F1B9191DD1B176004DF039 /* Sources */,
				85F1B91A1DD1B176004DF039 /* Frameworks */,
				85F1B91B1DD1B176004DF039 /* Resources */,
			);
			buildRules = (
			);
			dependencies = (
			);
			name = test;
			productName = test;
			productReference = 85F1B91D1DD1B176004DF039 /* test.app */;
			productType = "com.apple.product-type.application";
		};
		85F1B9351DD1B176004DF039 /* testTests */ = {
			isa = PBXNativeTarget;
			buildConfigurationList = 85F1B94D1DD1B176004DF039 /* Build configuration list for PBXNativeTarget "testTests" */;
			buildPhases = (
				85F1B9321DD1B176004DF039 /* Sources */,
				85F1B9331DD1B176004DF039 /* Frameworks */,
				85F1B9341DD1B176004DF039 /* Resources */,
			);
			buildRules = (
			);
			dependencies = (
				85F1B9381DD1B176004DF039 /* PBXTargetDependency */,
			);
			name = testTests;
			productName = testTests;
			productReference = 85F1B9361DD1B176004DF039 /* testTests.xctest */;
			productType = "com.apple.product-type.bundle.unit-test";
		};
		85F1B9401DD1B176004DF039 /* testUITests */ = {
			isa = PBXNativeTarget;
			buildConfigurationList = 85F1B9501DD1B176004DF039 /* Build configuration list for PBXNativeTarget "testUITests" */;
			buildPhases = (
				85F1B93D1DD1B176004DF039 /* Sources */,
				85F1B93E1DD1B176004DF039 /* Frameworks */,
				85F1B93F1DD1B176004DF039 /* Resources */,
			);
			buildRules = (
			);
			dependencies = (
				85F1B9431DD1B176004DF039 /* PBXTargetDependency */,
			);
			name = testUITests;
			productName = testUITests;
			productReference = 85F1B9411DD1B176004DF039 /* testUITests.xctest */;
			productType = "com.apple.product-type.bundle.ui-testing";
		};
/* End PBXNativeTarget section */

/* Begin PBXProject section */
		85F1B9151DD1B176004DF039 /* Project object */ = {
			isa = PBXProject;
			attributes = {
				LastUpgradeCheck = 0800;
				ORGANIZATIONNAME = jacky;
				TargetAttributes = {
					85F1B91C1DD1B176004DF039 = {
						CreatedOnToolsVersion = 8.0;
						DevelopmentTeam = L9ALLF39KA;
						ProvisioningStyle = Automatic;
					};
					85F1B9351DD1B176004DF039 = {
						CreatedOnToolsVersion = 8.0;
						DevelopmentTeam = L9ALLF39KA;
						ProvisioningStyle = Automatic;
						TestTargetID = 85F1B91C1DD1B176004DF039;
					};
					85F1B9401DD1B176004DF039 = {
						CreatedOnToolsVersion = 8.0;
						DevelopmentTeam = L9ALLF39KA;
						ProvisioningStyle = Automatic;
						TestTargetID = 85F1B91C1DD1B176004DF039;
					};
				};
			};
			buildConfigurationList = 85F1B9181DD1B176004DF039 /* Build configuration list for PBXProject "test" */;
			compatibilityVersion = "Xcode 3.2";
			developmentRegion = English;
			hasScannedForEncodings = 0;
			knownRegions = (
				en,
				Base,
			);
			mainGroup = 85F1B9141DD1B176004DF039;
			productRefGroup = 85F1B91E1DD1B176004DF039 /* Products */;
			projectDirPath = "";
			projectRoot = "";
			targets = (
				85F1B91C1DD1B176004DF039 /* test */,
				85F1B9351DD1B176004DF039 /* testTests */,
				85F1B9401DD1B176004DF039 /* testUITests */,
			);
		};
/* End PBXProject section */

/* Begin PBXResourcesBuildPhase section */
		85F1B91B1DD1B176004DF039 /* Resources */ = {
			isa = PBXResourcesBuildPhase;
			buildActionMask = 2147483647;
			files = (
				85F1B9301DD1B176004DF039 /* LaunchScreen.storyboard in Resources */,
				85F1B92D1DD1B176004DF039 /* Assets.xcassets in Resources */,
				85F1B92B1DD1B176004DF039 /* Main.storyboard in Resources */,
			);
			runOnlyForDeploymentPostprocessing = 0;
		};
		85F1B9341DD1B176004DF039 /* Resources */ = {
			isa = PBXResourcesBuildPhase;
			buildActionMask = 2147483647;
			files = (
			);
			runOnlyForDeploymentPostprocessing = 0;
		};
		85F1B93F1DD1B176004DF039 /* Resources */ = {
			isa = PBXResourcesBuildPhase;
			buildActionMask = 2147483647;
			files = (
			);
			runOnlyForDeploymentPostprocessing = 0;
		};
/* End PBXResourcesBuildPhase section */

/* Begin PBXSourcesBuildPhase section */
		85F1B9191DD1B176004DF039 /* Sources */ = {
			isa = PBXSourcesBuildPhase;
			buildActionMask = 2147483647;
			files = (
				85F1B9281DD1B176004DF039 /* ViewController.m in Sources */,
				85F1B9251DD1B176004DF039 /* AppDelegate.m in Sources */,
				85F1B9221DD1B176004DF039 /* main.m in Sources */,
				85F1B9561DD1B1AC004DF039 /* Utils.m in Sources */,
			);
			runOnlyForDeploymentPostprocessing = 0;
		};
		85F1B9321DD1B176004DF039 /* Sources */ = {
			isa = PBXSourcesBuildPhase;
			buildActionMask = 2147483647;
			files = (
				85F1B93B1DD1B176004DF039 /* testTests.m in Sources */,
			);
			runOnlyForDeploymentPostprocessing = 0;
		};
		85F1B93D1DD1B176004DF039 /* Sources */ = {
			isa = PBXSourcesBuildPhase;
			buildActionMask = 2147483647;
			files = (
				85F1B9461DD1B176004DF039 /* testUITests.m in Sources */,
			);
			runOnlyForDeploymentPostprocessing = 0;
		};
/* End PBXSourcesBuildPhase section */

/* Begin PBXTargetDependency section */
		85F1B9381DD1B176004DF039 /* PBXTargetDependency */ = {
			isa = PBXTargetDependency;
			target = 85F1B91C1DD1B176004DF039 /* test */;
			targetProxy = 85F1B9371DD1B176004DF039 /* PBXContainerItemProxy */;
		};
		85F1B9431DD1B176004DF039 /* PBXTargetDependency */ = {
			isa = PBXTargetDependency;
			target = 85F1B91C1DD1B176004DF039 /* test */;
			targetProxy = 85F1B9421DD1B176004DF039 /* PBXContainerItemProxy */;
		};
/* End PBXTargetDependency section */

/* Begin PBXVariantGroup section */
		85F1B9291DD1B176004DF039 /* Main.storyboard */ = {
			isa = PBXVariantGroup;
			children = (
				85F1B92A1DD1B176004DF039 /* Base */,
			);
			name = Main.storyboard;
			sourceTree = "<group>";
		};
		85F1B92E1DD1B176004DF039 /* LaunchScreen.storyboard */ = {
			isa = PBXVariantGroup;
			children = (
				85F1B92F1DD1B176004DF039 /* Base */,
			);
			name = LaunchScreen.storyboard;
			sourceTree = "<group>";
		};
/* End PBXVariantGroup section */

/* Begin XCBuildConfiguration section */
		85F1B9481DD1B176004DF039 /* Debug */ = {
			isa = XCBuildConfiguration;
			buildSettings = {
				ALWAYS_SEARCH_USER_PATHS = NO;
				CLANG_ANALYZER_NONNULL = YES;
				CLANG_CXX_LANGUAGE_STANDARD = "gnu++0x";
				CLANG_CXX_LIBRARY = "libc++";
				CLANG_ENABLE_MODULES = YES;
				CLANG_ENABLE_OBJC_ARC = YES;
				CLANG_WARN_BOOL_CONVERSION = YES;
				CLANG_WARN_CONSTANT_CONVERSION = YES;
				CLANG_WARN_DIRECT_OBJC_ISA_USAGE = YES_ERROR;
				CLANG_WARN_DOCUMENTATION_COMMENTS = YES;
				CLANG_WARN_EMPTY_BODY = YES;
				CLANG_WARN_ENUM_CONVERSION = YES;
				CLANG_WARN_INFINITE_RECURSION = YES;
				CLANG_WARN_INT_CONVERSION = YES;
				CLANG_WARN_OBJC_ROOT_CLASS = YES_ERROR;
				CLANG_WARN_SUSPICIOUS_MOVES = YES;
				CLANG_WARN_UNREACHABLE_CODE = YES;
				CLANG_WARN__DUPLICATE_METHOD_MATCH = YES;
				"CODE_SIGN_IDENTITY[sdk=iphoneos*]" = "iPhone Developer";
				COPY_PHASE_STRIP = NO;
				DEBUG_INFORMATION_FORMAT = dwarf;
				ENABLE_STRICT_OBJC_MSGSEND = YES;
				ENABLE_TESTABILITY = YES;
				GCC_C_LANGUAGE_STANDARD = gnu99;
				GCC_DYNAMIC_NO_PIC = NO;
				GCC_NO_COMMON_BLOCKS = YES;
				GCC_OPTIMIZATION_LEVEL = 0;
				GCC_PREPROCESSOR_DEFINITIONS = (
					"DEBUG=1",
					"$(inherited)",
				);
				GCC_WARN_64_TO_32_BIT_CONVERSION = YES;
				GCC_WARN_ABOUT_RETURN_TYPE = YES_ERROR;
				GCC_WARN_UNDECLARED_SELECTOR = YES;
				GCC_WARN_UNINITIALIZED_AUTOS = YES_AGGRESSIVE;
				GCC_WARN_UNUSED_FUNCTION = YES;
				GCC_WARN_UNUSED_VARIABLE = YES;
				IPHONEOS_DEPLOYMENT_TARGET = 10.0;
				MTL_ENABLE_DEBUG_INFO = YES;
				ONLY_ACTIVE_ARCH = YES;
				SDKROOT = iphoneos;
			};
			name = Debug;
		};
		85F1B9491DD1B176004DF039 /* Release */ = {
			isa = XCBuildConfiguration;
			buildSettings = {
				ALWAYS_SEARCH_USER_PATHS = NO;
				CLANG_ANALYZER_NONNULL = YES;
				CLANG_CXX_LANGUAGE_STANDARD = "gnu++0x";
				CLANG_CXX_LIBRARY = "libc++";
				CLANG_ENABLE_MODULES = YES;
				CLANG_ENABLE_OBJC_ARC = YES;
				CLANG_WARN_BOOL_CONVERSION = YES;
				CLANG_WARN_CONSTANT_CONVERSION = YES;
				CLANG_WARN_DIRECT_OBJC_ISA_USAGE = YES_ERROR;
				CLANG_WARN_DOCUMENTATION_COMMENTS = YES;
				CLANG_WARN_EMPTY_BODY = YES;
				CLANG_WARN_ENUM_CONVERSION = YES;
				CLANG_WARN_INFINITE_RECURSION = YES;
				CLANG_WARN_INT_CONVERSION = YES;
				CLANG_WARN_OBJC_ROOT_CLASS = YES_ERROR;
				CLANG_WARN_SUSPICIOUS_MOVES = YES;
				CLANG_WARN_UNREACHABLE_CODE = YES;
				CLANG_WARN__DUPLICATE_METHOD_MATCH = YES;
				"CODE_SIGN_IDENTITY[sdk=iphoneos*]" = "iPhone Developer";
				COPY_PHASE_STRIP = NO;
				DEBUG_INFORMATION_FORMAT = "dwarf-with-dsym";
				ENABLE_NS_ASSERTIONS = NO;
				ENABLE_STRICT_OBJC_MSGSEND = YES;
				GCC_C_LANGUAGE_STANDARD = gnu99;
				GCC_NO_COMMON_BLOCKS = YES;
				GCC_WARN_64_TO_32_BIT_CONVERSION = YES;
				GCC_WARN_ABOUT_RETURN_TYPE = YES_ERROR;
				GCC_WARN_UNDECLARED_SELECTOR = YES;
				GCC_WARN_UNINITIALIZED_AUTOS = YES_AGGRESSIVE;
				GCC_WARN_UNUSED_FUNCTION = YES;
				GCC_WARN_UNUSED_VARIABLE = YES;
				IPHONEOS_DEPLOYMENT_TARGET = 10.0;
				MTL_ENABLE_DEBUG_INFO = NO;
				SDKROOT = iphoneos;
				VALIDATE_PRODUCT = YES;
			};
			name = Release;
		};
		85F1B94B1DD1B176004DF039 /* Debug */ = {
			isa = XCBuildConfiguration;
			buildSettings = {
				ASSETCATALOG_COMPILER_APPICON_NAME = AppIcon;
				DEVELOPMENT_TEAM = L9ALLF39KA;
				INFOPLIST_FILE = test/Info.plist;
				LD_RUNPATH_SEARCH_PATHS = "$(inherited) @executable_path/Frameworks";
				PRODUCT_BUNDLE_IDENTIFIER = com.Jacky.test;
				PRODUCT_NAME = "$(TARGET_NAME)";
			};
			name = Debug;
		};
		85F1B94C1DD1B176004DF039 /* Release */ = {
			isa = XCBuildConfiguration;
			buildSettings = {
				ASSETCATALOG_COMPILER_APPICON_NAME = AppIcon;
				DEVELOPMENT_TEAM = L9ALLF39KA;
				INFOPLIST_FILE = test/Info.plist;
				LD_RUNPATH_SEARCH_PATHS = "$(inherited) @executable_path/Frameworks";
				PRODUCT_BUNDLE_IDENTIFIER = com.Jacky.test;
				PRODUCT_NAME = "$(TARGET_NAME)";
			};
			name = Release;
		};
		85F1B94E1DD1B176004DF039 /* Debug */ = {
			isa = XCBuildConfiguration;
			buildSettings = {
				BUNDLE_LOADER = "$(TEST_HOST)";
				DEVELOPMENT_TEAM = L9ALLF39KA;
				INFOPLIST_FILE = testTests/Info.plist;
				LD_RUNPATH_SEARCH_PATHS = "$(inherited) @executable_path/Frameworks @loader_path/Frameworks";
				PRODUCT_BUNDLE_IDENTIFIER = com.Jacky.testTests;
				PRODUCT_NAME = "$(TARGET_NAME)";
				TEST_HOST = "$(BUILT_PRODUCTS_DIR)/test.app/test";
			};
			name = Debug;
		};
		85F1B94F1DD1B176004DF039 /* Release */ = {
			isa = XCBuildConfiguration;
			buildSettings = {
				BUNDLE_LOADER = "$(TEST_HOST)";
				DEVELOPMENT_TEAM = L9ALLF39KA;
				INFOPLIST_FILE = testTests/Info.plist;
				LD_RUNPATH_SEARCH_PATHS = "$(inherited) @executable_path/Frameworks @loader_path/Frameworks";
				PRODUCT_BUNDLE_IDENTIFIER = com.Jacky.testTests;
				PRODUCT_NAME = "$(TARGET_NAME)";
				TEST_HOST = "$(BUILT_PRODUCTS_DIR)/test.app/test";
			};
			name = Release;
		};
		85F1B9511DD1B176004DF039 /* Debug */ = {
			isa = XCBuildConfiguration;
			buildSettings = {
				DEVELOPMENT_TEAM = L9ALLF39KA;
				INFOPLIST_FILE = testUITests/Info.plist;
				LD_RUNPATH_SEARCH_PATHS = "$(inherited) @executable_path/Frameworks @loader_path/Frameworks";
				PRODUCT_BUNDLE_IDENTIFIER = com.Jacky.testUITests;
				PRODUCT_NAME = "$(TARGET_NAME)";
				TEST_TARGET_NAME = test;
			};
			name = Debug;
		};
		85F1B9521DD1B176004DF039 /* Release */ = {
			isa = XCBuildConfiguration;
			buildSettings = {
				DEVELOPMENT_TEAM = L9ALLF39KA;
				INFOPLIST_FILE = testUITests/Info.plist;
				LD_RUNPATH_SEARCH_PATHS = "$(inherited) @executable_path/Frameworks @loader_path/Frameworks";
				PRODUCT_BUNDLE_IDENTIFIER = com.Jacky.testUITests;
				PRODUCT_NAME = "$(TARGET_NAME)";
				TEST_TARGET_NAME = test;
			};
			name = Release;
		};
/* End XCBuildConfiguration section */

/* Begin XCConfigurationList section */
		85F1B9181DD1B176004DF039 /* Build configuration list for PBXProject "test" */ = {
			isa = XCConfigurationList;
			buildConfigurations = (
				85F1B9481DD1B176004DF039 /* Debug */,
				85F1B9491DD1B176004DF039 /* Release */,
			);
			defaultConfigurationIsVisible = 0;
			defaultConfigurationName = Release;
		};
		85F1B94A1DD1B176004DF039 /* Build configuration list for PBXNativeTarget "test" */ = {
			isa = XCConfigurationList;
			buildConfigurations = (
				85F1B94B1DD1B176004DF039 /* Debug */,
				85F1B94C1DD1B176004DF039 /* Release */,
			);
			defaultConfigurationIsVisible = 0;
		};
		85F1B94D1DD1B176004DF039 /* Build configuration list for PBXNativeTarget "testTests" */ = {
			isa = XCConfigurationList;
			buildConfigurations = (
				85F1B94E1DD1B176004DF039 /* Debug */,
				85F1B94F1DD1B176004DF039 /* Release */,
			);
			defaultConfigurationIsVisible = 0;
		};
		85F1B9501DD1B176004DF039 /* Build configuration list for PBXNativeTarget "testUITests" */ = {
			isa = XCConfigurationList;
			buildConfigurations = (
				85F1B9511DD1B176004DF039 /* Debug */,
				85F1B9521DD1B176004DF039 /* Release */,
			);
			defaultConfigurationIsVisible = 0;
		};
/* End XCConfigurationList section */
	};
	rootObject = 85F1B9151DD1B176004DF039 /* Project object */;
}
